
Microsoft Visual Studio Solution File, Format Version 12.00
# Visual Studio 14
VisualStudioVersion = 14.0.25420.1
MinimumVisualStudioVersion = 10.0.40219.1
Project("{2150E333-8FDC-42A3-9474-1A3956D46DE8}") = "src", "src", "{D5204E05-719D-49B1-8D07-79ABBC231787}"
EndProject
Project("{2150E333-8FDC-42A3-9474-1A3956D46DE8}") = "Solution Items", "Solution Items", "{6702B8CD-2FFC-45EB-BFE4-8B7AAECFB113}"
	ProjectSection(SolutionItems) = preProject
		global.json = global.json
	EndProjectSection
EndProject
Project("{8BB2217D-0F2D-49D1-97BC-3654ED321F3B}") = "MessageBoardBackend", "src\MessageBoardBackend\MessageBoardBackend.xproj", "{CE0BB86F-65CA-4E18-BD86-DA66AB5C2F97}"
EndProject
Global
	GlobalSection(SolutionConfigurationPlatforms) = preSolution
		Debug|Any CPU = Debug|Any CPU
		Release|Any CPU = Release|Any CPU
	EndGlobalSection
	GlobalSection(ProjectConfigurationPlatforms) = postSolution
		{CE0BB86F-65CA-4E18-BD86-DA66AB5C2F97}.Debug|Any CPU.ActiveCfg = Debug|Any CPU
		{CE0BB86F-65CA-4E18-BD86-DA66AB5C2F97}.Debug|Any CPU.Build.0 = Debug|Any CPU
		{CE0BB86F-65CA-4E18-BD86-DA66AB5C2F97}.Release|Any CPU.ActiveCfg = Release|Any CPU
		{CE0BB86F-65CA-4E18-BD86-DA66AB5C2F97}.Release|Any CPU.Build.0 = Release|Any CPU
	EndGlobalSection
	GlobalSection(SolutionProperties) = preSolution
		HideSolutionNode = FALSE
	EndGlobalSection
	GlobalSection(NestedProjects) = preSolution
		{CE0BB86F-65CA-4E18-BD86-DA66AB5C2F97} = {D5204E05-719D-49B1-8D07-79ABBC231787}
	EndGlobalSection
EndGlobal
